
Microsoft Visual Studio Solution File, Format Version 12.00
# Visual Studio Version 16
VisualStudioVersion = 16.0.31515.178
MinimumVisualStudioVersion = 10.0.40219.1
Project("{FAE04EC0-301F-11D3-BF4B-00C04F79EFBC}") = "Made-4-Pet", "Made-4-Pet\Made-4-Pet.csproj", "{599E6ED0-2099-4A3A-983E-B77EA8F832D0}"
EndProject
Global
	GlobalSection(SolutionConfigurationPlatforms) = preSolution
		Debug|Any CPU = Debug|Any CPU
		Release|Any CPU = Release|Any CPU
	EndGlobalSection
	GlobalSection(ProjectConfigurationPlatforms) = postSolution
		{599E6ED0-2099-4A3A-983E-B77EA8F832D0}.Debug|Any CPU.ActiveCfg = Debug|Any CPU
		{599E6ED0-2099-4A3A-983E-B77EA8F832D0}.Debug|Any CPU.Build.0 = Debug|Any CPU
		{599E6ED0-2099-4A3A-983E-B77EA8F832D0}.Release|Any CPU.ActiveCfg = Release|Any CPU
		{599E6ED0-2099-4A3A-983E-B77EA8F832D0}.Release|Any CPU.Build.0 = Release|Any CPU
	EndGlobalSection
	GlobalSection(SolutionProperties) = preSolution
		HideSolutionNode = FALSE
	EndGlobalSection
	GlobalSection(ExtensibilityGlobals) = postSolution
		SolutionGuid = {639439EF-85F8-4B14-B7AF-9794662991AE}
	EndGlobalSection
EndGlobal
